# THIS IS AN AUTOGENERATED FILE. DO NOT EDIT THIS FILE DIRECTLY.
# yarn lockfile v1


firetruss-plugin-runtime@^1.0.0:
  version "1.0.0"
  resolved "https://registry.yarnpkg.com/firetruss-plugin-runtime/-/firetruss-plugin-runtime-1.0.0.tgz#becfb35fd6d26305756ecf8038c4afdc46309a2f"
  integrity sha512-J66PGjiOHfisWoqR28hqUyegIER90LNK48+YomTV3n8wHIES5M8SHcAdJe3Pe8AphirHGOLHJEVX882+ESCOTA==
  dependencies:
    vue "^2.6.12"

vue@^2.6.12:
  version "2.6.12"
  resolved "https://registry.yarnpkg.com/vue/-/vue-2.6.12.tgz#f5ebd4fa6bd2869403e29a896aed4904456c9123"
  integrity sha512-uhmLFETqPPNyuLLbsKz6ioJ4q7AZHzD8ZVFNATNyICSZouqP2Sz0rotWQC8UNBF6VGSCs5abnKJoStA6JbCbfg==
